
Microsoft Visual Studio Solution File, Format Version 12.00
# Visual Studio 15
Project("{FAE04EC0-301F-11D3-BF4B-00C04F79EFBC}") = "Unity.ProBuilder.Examples", "Unity.ProBuilder.Examples.csproj", "{10E01659-378C-5F6A-77FC-678F7AE17A3C}"
EndProject
Project("{FAE04EC0-301F-11D3-BF4B-00C04F79EFBC}") = "Unity.ProBuilder.Examples.Editor", "Unity.ProBuilder.Examples.Editor.csproj", "{C8F0E9CC-F6A3-591B-C5B1-94CBBC2D762D}"
EndProject
Global
	GlobalSection(SolutionConfigurationPlatforms) = preSolution
		Debug|Any CPU = Debug|Any CPU
		Release|Any CPU = Release|Any CPU
	EndGlobalSection
	GlobalSection(ProjectConfigurationPlatforms) = postSolution
		{10E01659-378C-5F6A-77FC-678F7AE17A3C}.Debug|Any CPU.ActiveCfg = Debug|Any CPU
		{10E01659-378C-5F6A-77FC-678F7AE17A3C}.Debug|Any CPU.Build.0 = Debug|Any CPU
		{10E01659-378C-5F6A-77FC-678F7AE17A3C}.Release|Any CPU.ActiveCfg = Release|Any CPU
		{10E01659-378C-5F6A-77FC-678F7AE17A3C}.Release|Any CPU.Build.0 = Release|Any CPU
		{C8F0E9CC-F6A3-591B-C5B1-94CBBC2D762D}.Debug|Any CPU.ActiveCfg = Debug|Any CPU
		{C8F0E9CC-F6A3-591B-C5B1-94CBBC2D762D}.Debug|Any CPU.Build.0 = Debug|Any CPU
		{C8F0E9CC-F6A3-591B-C5B1-94CBBC2D762D}.Release|Any CPU.ActiveCfg = Release|Any CPU
		{C8F0E9CC-F6A3-591B-C5B1-94CBBC2D762D}.Release|Any CPU.Build.0 = Release|Any CPU
	EndGlobalSection
	GlobalSection(SolutionProperties) = preSolution
		HideSolutionNode = FALSE
	EndGlobalSection
EndGlobal
